
Microsoft Visual Studio Solution File, Format Version 11.00
# Visual Studio 2010
Project("{FAE04EC0-301F-11D3-BF4B-00C04F79EFBC}") = "ACMP_2D_Game", "Assembly-CSharp.csproj", "{8C08317A-1F26-F62D-639F-D0DF89C3C0E4}"
EndProject
Global
	GlobalSection(SolutionConfigurationPlatforms) = preSolution
		Debug|Any CPU = Debug|Any CPU
		Release|Any CPU = Release|Any CPU
	EndGlobalSection
	GlobalSection(ProjectConfigurationPlatforms) = postSolution
		{8C08317A-1F26-F62D-639F-D0DF89C3C0E4}.Debug|Any CPU.ActiveCfg = Debug|Any CPU
		{8C08317A-1F26-F62D-639F-D0DF89C3C0E4}.Debug|Any CPU.Build.0 = Debug|Any CPU
		{8C08317A-1F26-F62D-639F-D0DF89C3C0E4}.Release|Any CPU.ActiveCfg = Release|Any CPU
		{8C08317A-1F26-F62D-639F-D0DF89C3C0E4}.Release|Any CPU.Build.0 = Release|Any CPU
	EndGlobalSection
	GlobalSection(SolutionProperties) = preSolution
		HideSolutionNode = FALSE
	EndGlobalSection
	GlobalSection(MonoDevelopProperties) = preSolution
		StartupItem = Assembly-CSharp.csproj
	EndGlobalSection
EndGlobal
